
Microsoft Visual Studio Solution File, Format Version 12.00
# Visual Studio Version 17
VisualStudioVersion = 17.7.34024.191
MinimumVisualStudioVersion = 10.0.40219.1
Project("{8BC9CEB8-8B4A-11D0-8D11-00A0C91BC942}") = "lab-3-p3", "lab-3-p3\lab-3-p3.vcxproj", "{F45E986E-C7BD-488F-B1D8-379BB3E8E2F9}"
EndProject
Global
	GlobalSection(SolutionConfigurationPlatforms) = preSolution
		Debug|x64 = Debug|x64
		Debug|x86 = Debug|x86
		Release|x64 = Release|x64
		Release|x86 = Release|x86
	EndGlobalSection
	GlobalSection(ProjectConfigurationPlatforms) = postSolution
		{F45E986E-C7BD-488F-B1D8-379BB3E8E2F9}.Debug|x64.ActiveCfg = Debug|x64
		{F45E986E-C7BD-488F-B1D8-379BB3E8E2F9}.Debug|x64.Build.0 = Debug|x64
		{F45E986E-C7BD-488F-B1D8-379BB3E8E2F9}.Debug|x86.ActiveCfg = Debug|Win32
		{F45E986E-C7BD-488F-B1D8-379BB3E8E2F9}.Debug|x86.Build.0 = Debug|Win32
		{F45E986E-C7BD-488F-B1D8-379BB3E8E2F9}.Release|x64.ActiveCfg = Release|x64
		{F45E986E-C7BD-488F-B1D8-379BB3E8E2F9}.Release|x64.Build.0 = Release|x64
		{F45E986E-C7BD-488F-B1D8-379BB3E8E2F9}.Release|x86.ActiveCfg = Release|Win32
		{F45E986E-C7BD-488F-B1D8-379BB3E8E2F9}.Release|x86.Build.0 = Release|Win32
	EndGlobalSection
	GlobalSection(SolutionProperties) = preSolution
		HideSolutionNode = FALSE
	EndGlobalSection
	GlobalSection(ExtensibilityGlobals) = postSolution
		SolutionGuid = {DCDE7440-330D-4EA8-A4D6-3A5A27F74F5C}
	EndGlobalSection
EndGlobal
